
Microsoft Visual Studio Solution File, Format Version 12.00
# Visual Studio Version 17
VisualStudioVersion = 17.8.34309.116
MinimumVisualStudioVersion = 10.0.40219.1
Project("{FAE04EC0-301F-11D3-BF4B-00C04F79EFBC}") = "OptionsPattern", "OptionsPattern\OptionsPattern.csproj", "{C41F36BC-C2EF-410F-946B-D8ADCE39A55E}"
EndProject
Global
	GlobalSection(SolutionConfigurationPlatforms) = preSolution
		Debug|Any CPU = Debug|Any CPU
		Release|Any CPU = Release|Any CPU
	EndGlobalSection
	GlobalSection(ProjectConfigurationPlatforms) = postSolution
		{C41F36BC-C2EF-410F-946B-D8ADCE39A55E}.Debug|Any CPU.ActiveCfg = Debug|Any CPU
		{C41F36BC-C2EF-410F-946B-D8ADCE39A55E}.Debug|Any CPU.Build.0 = Debug|Any CPU
		{C41F36BC-C2EF-410F-946B-D8ADCE39A55E}.Release|Any CPU.ActiveCfg = Release|Any CPU
		{C41F36BC-C2EF-410F-946B-D8ADCE39A55E}.Release|Any CPU.Build.0 = Release|Any CPU
	EndGlobalSection
	GlobalSection(SolutionProperties) = preSolution
		HideSolutionNode = FALSE
	EndGlobalSection
	GlobalSection(ExtensibilityGlobals) = postSolution
		SolutionGuid = {3A30AF7C-CC73-4D39-8DCB-E68A58D6D8FB}
	EndGlobalSection
EndGlobal
